
Microsoft Visual Studio Solution File, Format Version 12.00
# Visual Studio Version 16
VisualStudioVersion = 16.0.31005.135
MinimumVisualStudioVersion = 10.0.40219.1
Project("{8BC9CEB8-8B4A-11D0-8D11-00A0C91BC942}") = "ws1p1", "ws1p1\ws1p1.vcxproj", "{E275302C-F0B3-4545-ACBC-9660FA453840}"
EndProject
Project("{8BC9CEB8-8B4A-11D0-8D11-00A0C91BC942}") = "Practice", "Practice\Practice.vcxproj", "{59E130AF-4982-41E8-B3DD-51E7868EE865}"
EndProject
Project("{8BC9CEB8-8B4A-11D0-8D11-00A0C91BC942}") = "ws2p2", "ws2p2\ws2p2.vcxproj", "{34BA490E-20D2-451C-B035-092343473F8C}"
EndProject
Project("{8BC9CEB8-8B4A-11D0-8D11-00A0C91BC942}") = "ws2p1", "ws2p1\ws2p1.vcxproj", "{A5E76000-56CD-4CCF-80A3-9C9C0B43CE74}"
EndProject
Project("{8BC9CEB8-8B4A-11D0-8D11-00A0C91BC942}") = "ws3p1", "ws3p1\ws3p1.vcxproj", "{7B572DFB-A2CD-49AA-8B96-51994E9DE71A}"
EndProject
Project("{8BC9CEB8-8B4A-11D0-8D11-00A0C91BC942}") = "ws3p2", "ws3p2\ws3p2.vcxproj", "{5C2726F0-2630-4086-B779-773F4B7834D8}"
EndProject
Project("{8BC9CEB8-8B4A-11D0-8D11-00A0C91BC942}") = "ws4p1", "ws4p1\ws4p1.vcxproj", "{80708434-738A-4BC7-8EBB-C2FC0C435124}"
EndProject
Project("{8BC9CEB8-8B4A-11D0-8D11-00A0C91BC942}") = "ws4p2", "ws4p2\ws4p2.vcxproj", "{ACB64848-9D62-4CD7-BC2C-72E861D5178F}"
EndProject
Project("{8BC9CEB8-8B4A-11D0-8D11-00A0C91BC942}") = "ws5p1", "ws5p1\ws5p1.vcxproj", "{20F5F534-3189-4097-B1E6-5EE449EDAA11}"
EndProject
Project("{8BC9CEB8-8B4A-11D0-8D11-00A0C91BC942}") = "ws5p2", "ws5p2\ws5p2.vcxproj", "{5C36179A-0817-4AED-83BA-4AEAA896BE06}"
EndProject
Project("{8BC9CEB8-8B4A-11D0-8D11-00A0C91BC942}") = "TicTacToeGame", "TicTacToeGame\TicTacToeGame.vcxproj", "{22D67068-B044-459C-9115-4DD97D5BF215}"
EndProject
Project("{8BC9CEB8-8B4A-11D0-8D11-00A0C91BC942}") = "Midterm", "Midterm\Midterm.vcxproj", "{2F0E448F-CBA6-488F-B826-66AB49803D1B}"
EndProject
Project("{8BC9CEB8-8B4A-11D0-8D11-00A0C91BC942}") = "Midterm2", "Midterm2\Midterm2.vcxproj", "{6426ED70-0DBA-4B5D-9D10-7BA4CDFBF03D}"
EndProject
Project("{8BC9CEB8-8B4A-11D0-8D11-00A0C91BC942}") = "quiz", "quiz\quiz.vcxproj", "{AE56C7A9-6C0B-42B7-8A85-9FAC599BCB34}"
EndProject
Project("{8BC9CEB8-8B4A-11D0-8D11-00A0C91BC942}") = "ws6p1", "ws6p1\ws6p1.vcxproj", "{A8519594-1591-4181-B00A-A37D1E5E39CE}"
EndProject
Project("{8BC9CEB8-8B4A-11D0-8D11-00A0C91BC942}") = "ws6p2", "ws6p2\ws6p2.vcxproj", "{C76DFA3F-B90C-4F48-9CC8-C7BF72B1C3A8}"
EndProject
Project("{8BC9CEB8-8B4A-11D0-8D11-00A0C91BC942}") = "ws7p1", "ws7p1\ws7p1.vcxproj", "{CA859695-23F7-469E-8CD3-6AD0606E2085}"
EndProject
Project("{8BC9CEB8-8B4A-11D0-8D11-00A0C91BC942}") = "ws7p2", "ws7p2\ws7p2.vcxproj", "{E8C697E0-D64B-4A30-A7F6-644DC67F525C}"
EndProject
Project("{8BC9CEB8-8B4A-11D0-8D11-00A0C91BC942}") = "Temp", "Temp\Temp.vcxproj", "{8A290574-796A-447C-BF51-3D5759EF2EEB}"
EndProject
Project("{8BC9CEB8-8B4A-11D0-8D11-00A0C91BC942}") = "ws8", "ws8\ws8.vcxproj", "{80EC6673-FFA0-4D50-97CC-2457AA9CB489}"
EndProject
Project("{8BC9CEB8-8B4A-11D0-8D11-00A0C91BC942}") = "WS9", "WS9\WS9.vcxproj", "{7EBB2C47-85AD-4C18-9EC7-27A8FEF55B47}"
EndProject
Project("{8BC9CEB8-8B4A-11D0-8D11-00A0C91BC942}") = "Final", "Final\Final.vcxproj", "{7E236A64-DA05-4266-833B-EE1F3A4A36F2}"
EndProject
Project("{8BC9CEB8-8B4A-11D0-8D11-00A0C91BC942}") = "FinalReview", "FinalReview\FinalReview.vcxproj", "{DE96E967-D0FA-4B53-BD81-DC7B38528876}"
EndProject
Project("{8BC9CEB8-8B4A-11D0-8D11-00A0C91BC942}") = "FinalReview2", "FinalReview2\FinalReview2.vcxproj", "{153A751A-2E17-4881-A9AC-EE10954525AD}"
EndProject
Project("{8BC9CEB8-8B4A-11D0-8D11-00A0C91BC942}") = "FinalProject3", "FinalProject3\FinalProject3.vcxproj", "{3ACB9F47-25AD-4DFA-9B98-9D12D75F8ACC}"
EndProject
Global
	GlobalSection(SolutionConfigurationPlatforms) = preSolution
		Debug|x64 = Debug|x64
		Debug|x86 = Debug|x86
		Release|x64 = Release|x64
		Release|x86 = Release|x86
	EndGlobalSection
	GlobalSection(ProjectConfigurationPlatforms) = postSolution
		{E275302C-F0B3-4545-ACBC-9660FA453840}.Debug|x64.ActiveCfg = Debug|x64
		{E275302C-F0B3-4545-ACBC-9660FA453840}.Debug|x64.Build.0 = Debug|x64
		{E275302C-F0B3-4545-ACBC-9660FA453840}.Debug|x86.ActiveCfg = Debug|Win32
		{E275302C-F0B3-4545-ACBC-9660FA453840}.Debug|x86.Build.0 = Debug|Win32
		{E275302C-F0B3-4545-ACBC-9660FA453840}.Release|x64.ActiveCfg = Release|x64
		{E275302C-F0B3-4545-ACBC-9660FA453840}.Release|x64.Build.0 = Release|x64
		{E275302C-F0B3-4545-ACBC-9660FA453840}.Release|x86.ActiveCfg = Release|Win32
		{E275302C-F0B3-4545-ACBC-9660FA453840}.Release|x86.Build.0 = Release|Win32
		{59E130AF-4982-41E8-B3DD-51E7868EE865}.Debug|x64.ActiveCfg = Debug|x64
		{59E130AF-4982-41E8-B3DD-51E7868EE865}.Debug|x64.Build.0 = Debug|x64
		{59E130AF-4982-41E8-B3DD-51E7868EE865}.Debug|x86.ActiveCfg = Debug|Win32
		{59E130AF-4982-41E8-B3DD-51E7868EE865}.Debug|x86.Build.0 = Debug|Win32
		{59E130AF-4982-41E8-B3DD-51E7868EE865}.Release|x64.ActiveCfg = Release|x64
		{59E130AF-4982-41E8-B3DD-51E7868EE865}.Release|x64.Build.0 = Release|x64
		{59E130AF-4982-41E8-B3DD-51E7868EE865}.Release|x86.ActiveCfg = Release|Win32
		{59E130AF-4982-41E8-B3DD-51E7868EE865}.Release|x86.Build.0 = Release|Win32
		{34BA490E-20D2-451C-B035-092343473F8C}.Debug|x64.ActiveCfg = Debug|x64
		{34BA490E-20D2-451C-B035-092343473F8C}.Debug|x64.Build.0 = Debug|x64
		{34BA490E-20D2-451C-B035-092343473F8C}.Debug|x86.ActiveCfg = Debug|Win32
		{34BA490E-20D2-451C-B035-092343473F8C}.Debug|x86.Build.0 = Debug|Win32
		{34BA490E-20D2-451C-B035-092343473F8C}.Release|x64.ActiveCfg = Release|x64
		{34BA490E-20D2-451C-B035-092343473F8C}.Release|x64.Build.0 = Release|x64
		{34BA490E-20D2-451C-B035-092343473F8C}.Release|x86.ActiveCfg = Release|Win32
		{34BA490E-20D2-451C-B035-092343473F8C}.Release|x86.Build.0 = Release|Win32
		{A5E76000-56CD-4CCF-80A3-9C9C0B43CE74}.Debug|x64.ActiveCfg = Debug|x64
		{A5E76000-56CD-4CCF-80A3-9C9C0B43CE74}.Debug|x64.Build.0 = Debug|x64
		{A5E76000-56CD-4CCF-80A3-9C9C0B43CE74}.Debug|x86.ActiveCfg = Debug|Win32
		{A5E76000-56CD-4CCF-80A3-9C9C0B43CE74}.Debug|x86.Build.0 = Debug|Win32
		{A5E76000-56CD-4CCF-80A3-9C9C0B43CE74}.Release|x64.ActiveCfg = Release|x64
		{A5E76000-56CD-4CCF-80A3-9C9C0B43CE74}.Release|x64.Build.0 = Release|x64
		{A5E76000-56CD-4CCF-80A3-9C9C0B43CE74}.Release|x86.ActiveCfg = Release|Win32
		{A5E76000-56CD-4CCF-80A3-9C9C0B43CE74}.Release|x86.Build.0 = Release|Win32
		{7B572DFB-A2CD-49AA-8B96-51994E9DE71A}.Debug|x64.ActiveCfg = Debug|x64
		{7B572DFB-A2CD-49AA-8B96-51994E9DE71A}.Debug|x64.Build.0 = Debug|x64
		{7B572DFB-A2CD-49AA-8B96-51994E9DE71A}.Debug|x86.ActiveCfg = Debug|Win32
		{7B572DFB-A2CD-49AA-8B96-51994E9DE71A}.Debug|x86.Build.0 = Debug|Win32
		{7B572DFB-A2CD-49AA-8B96-51994E9DE71A}.Release|x64.ActiveCfg = Release|x64
		{7B572DFB-A2CD-49AA-8B96-51994E9DE71A}.Release|x64.Build.0 = Release|x64
		{7B572DFB-A2CD-49AA-8B96-51994E9DE71A}.Release|x86.ActiveCfg = Release|Win32
		{7B572DFB-A2CD-49AA-8B96-51994E9DE71A}.Release|x86.Build.0 = Release|Win32
		{5C2726F0-2630-4086-B779-773F4B7834D8}.Debug|x64.ActiveCfg = Debug|x64
		{5C2726F0-2630-4086-B779-773F4B7834D8}.Debug|x64.Build.0 = Debug|x64
		{5C2726F0-2630-4086-B779-773F4B7834D8}.Debug|x86.ActiveCfg = Debug|Win32
		{5C2726F0-2630-4086-B779-773F4B7834D8}.Debug|x86.Build.0 = Debug|Win32
		{5C2726F0-2630-4086-B779-773F4B7834D8}.Release|x64.ActiveCfg = Release|x64
		{5C2726F0-2630-4086-B779-773F4B7834D8}.Release|x64.Build.0 = Release|x64
		{5C2726F0-2630-4086-B779-773F4B7834D8}.Release|x86.ActiveCfg = Release|Win32
		{5C2726F0-2630-4086-B779-773F4B7834D8}.Release|x86.Build.0 = Release|Win32
		{80708434-738A-4BC7-8EBB-C2FC0C435124}.Debug|x64.ActiveCfg = Debug|x64
		{80708434-738A-4BC7-8EBB-C2FC0C435124}.Debug|x64.Build.0 = Debug|x64
		{80708434-738A-4BC7-8EBB-C2FC0C435124}.Debug|x86.ActiveCfg = Debug|Win32
		{80708434-738A-4BC7-8EBB-C2FC0C435124}.Debug|x86.Build.0 = Debug|Win32
		{80708434-738A-4BC7-8EBB-C2FC0C435124}.Release|x64.ActiveCfg = Release|x64
		{80708434-738A-4BC7-8EBB-C2FC0C435124}.Release|x64.Build.0 = Release|x64
		{80708434-738A-4BC7-8EBB-C2FC0C435124}.Release|x86.ActiveCfg = Release|Win32
		{80708434-738A-4BC7-8EBB-C2FC0C435124}.Release|x86.Build.0 = Release|Win32
		{ACB64848-9D62-4CD7-BC2C-72E861D5178F}.Debug|x64.ActiveCfg = Debug|x64
		{ACB64848-9D62-4CD7-BC2C-72E861D5178F}.Debug|x64.Build.0 = Debug|x64
		{ACB64848-9D62-4CD7-BC2C-72E861D5178F}.Debug|x86.ActiveCfg = Debug|Win32
		{ACB64848-9D62-4CD7-BC2C-72E861D5178F}.Debug|x86.Build.0 = Debug|Win32
		{ACB64848-9D62-4CD7-BC2C-72E861D5178F}.Release|x64.ActiveCfg = Release|x64
		{ACB64848-9D62-4CD7-BC2C-72E861D5178F}.Release|x64.Build.0 = Release|x64
		{ACB64848-9D62-4CD7-BC2C-72E861D5178F}.Release|x86.ActiveCfg = Release|Win32
		{ACB64848-9D62-4CD7-BC2C-72E861D5178F}.Release|x86.Build.0 = Release|Win32
		{20F5F534-3189-4097-B1E6-5EE449EDAA11}.Debug|x64.ActiveCfg = Debug|x64
		{20F5F534-3189-4097-B1E6-5EE449EDAA11}.Debug|x64.Build.0 = Debug|x64
		{20F5F534-3189-4097-B1E6-5EE449EDAA11}.Debug|x86.ActiveCfg = Debug|Win32
		{20F5F534-3189-4097-B1E6-5EE449EDAA11}.Debug|x86.Build.0 = Debug|Win32
		{20F5F534-3189-4097-B1E6-5EE449EDAA11}.Release|x64.ActiveCfg = Release|x64
		{20F5F534-3189-4097-B1E6-5EE449EDAA11}.Release|x64.Build.0 = Release|x64
		{20F5F534-3189-4097-B1E6-5EE449EDAA11}.Release|x86.ActiveCfg = Release|Win32
		{20F5F534-3189-4097-B1E6-5EE449EDAA11}.Release|x86.Build.0 = Release|Win32
		{5C36179A-0817-4AED-83BA-4AEAA896BE06}.Debug|x64.ActiveCfg = Debug|x64
		{5C36179A-0817-4AED-83BA-4AEAA896BE06}.Debug|x64.Build.0 = Debug|x64
		{5C36179A-0817-4AED-83BA-4AEAA896BE06}.Debug|x86.ActiveCfg = Debug|Win32
		{5C36179A-0817-4AED-83BA-4AEAA896BE06}.Debug|x86.Build.0 = Debug|Win32
		{5C36179A-0817-4AED-83BA-4AEAA896BE06}.Release|x64.ActiveCfg = Release|x64
		{5C36179A-0817-4AED-83BA-4AEAA896BE06}.Release|x64.Build.0 = Release|x64
		{5C36179A-0817-4AED-83BA-4AEAA896BE06}.Release|x86.ActiveCfg = Release|Win32
		{5C36179A-0817-4AED-83BA-4AEAA896BE06}.Release|x86.Build.0 = Release|Win32
		{22D67068-B044-459C-9115-4DD97D5BF215}.Debug|x64.ActiveCfg = Debug|x64
		{22D67068-B044-459C-9115-4DD97D5BF215}.Debug|x64.Build.0 = Debug|x64
		{22D67068-B044-459C-9115-4DD97D5BF215}.Debug|x86.ActiveCfg = Debug|Win32
		{22D67068-B044-459C-9115-4DD97D5BF215}.Debug|x86.Build.0 = Debug|Win32
		{22D67068-B044-459C-9115-4DD97D5BF215}.Release|x64.ActiveCfg = Release|x64
		{22D67068-B044-459C-9115-4DD97D5BF215}.Release|x64.Build.0 = Release|x64
		{22D67068-B044-459C-9115-4DD97D5BF215}.Release|x86.ActiveCfg = Release|Win32
		{22D67068-B044-459C-9115-4DD97D5BF215}.Release|x86.Build.0 = Release|Win32
		{2F0E448F-CBA6-488F-B826-66AB49803D1B}.Debug|x64.ActiveCfg = Debug|x64
		{2F0E448F-CBA6-488F-B826-66AB49803D1B}.Debug|x64.Build.0 = Debug|x64
		{2F0E448F-CBA6-488F-B826-66AB49803D1B}.Debug|x86.ActiveCfg = Debug|Win32
		{2F0E448F-CBA6-488F-B826-66AB49803D1B}.Debug|x86.Build.0 = Debug|Win32
		{2F0E448F-CBA6-488F-B826-66AB49803D1B}.Release|x64.ActiveCfg = Release|x64
		{2F0E448F-CBA6-488F-B826-66AB49803D1B}.Release|x64.Build.0 = Release|x64
		{2F0E448F-CBA6-488F-B826-66AB49803D1B}.Release|x86.ActiveCfg = Release|Win32
		{2F0E448F-CBA6-488F-B826-66AB49803D1B}.Release|x86.Build.0 = Release|Win32
		{6426ED70-0DBA-4B5D-9D10-7BA4CDFBF03D}.Debug|x64.ActiveCfg = Debug|x64
		{6426ED70-0DBA-4B5D-9D10-7BA4CDFBF03D}.Debug|x64.Build.0 = Debug|x64
		{6426ED70-0DBA-4B5D-9D10-7BA4CDFBF03D}.Debug|x86.ActiveCfg = Debug|Win32
		{6426ED70-0DBA-4B5D-9D10-7BA4CDFBF03D}.Debug|x86.Build.0 = Debug|Win32
		{6426ED70-0DBA-4B5D-9D10-7BA4CDFBF03D}.Release|x64.ActiveCfg = Release|x64
		{6426ED70-0DBA-4B5D-9D10-7BA4CDFBF03D}.Release|x64.Build.0 = Release|x64
		{6426ED70-0DBA-4B5D-9D10-7BA4CDFBF03D}.Release|x86.ActiveCfg = Release|Win32
		{6426ED70-0DBA-4B5D-9D10-7BA4CDFBF03D}.Release|x86.Build.0 = Release|Win32
		{AE56C7A9-6C0B-42B7-8A85-9FAC599BCB34}.Debug|x64.ActiveCfg = Debug|x64
		{AE56C7A9-6C0B-42B7-8A85-9FAC599BCB34}.Debug|x64.Build.0 = Debug|x64
		{AE56C7A9-6C0B-42B7-8A85-9FAC599BCB34}.Debug|x86.ActiveCfg = Debug|Win32
		{AE56C7A9-6C0B-42B7-8A85-9FAC599BCB34}.Debug|x86.Build.0 = Debug|Win32
		{AE56C7A9-6C0B-42B7-8A85-9FAC599BCB34}.Release|x64.ActiveCfg = Release|x64
		{AE56C7A9-6C0B-42B7-8A85-9FAC599BCB34}.Release|x64.Build.0 = Release|x64
		{AE56C7A9-6C0B-42B7-8A85-9FAC599BCB34}.Release|x86.ActiveCfg = Release|Win32
		{AE56C7A9-6C0B-42B7-8A85-9FAC599BCB34}.Release|x86.Build.0 = Release|Win32
		{A8519594-1591-4181-B00A-A37D1E5E39CE}.Debug|x64.ActiveCfg = Debug|x64
		{A8519594-1591-4181-B00A-A37D1E5E39CE}.Debug|x64.Build.0 = Debug|x64
		{A8519594-1591-4181-B00A-A37D1E5E39CE}.Debug|x86.ActiveCfg = Debug|Win32
		{A8519594-1591-4181-B00A-A37D1E5E39CE}.Debug|x86.Build.0 = Debug|Win32
		{A8519594-1591-4181-B00A-A37D1E5E39CE}.Release|x64.ActiveCfg = Release|x64
		{A8519594-1591-4181-B00A-A37D1E5E39CE}.Release|x64.Build.0 = Release|x64
		{A8519594-1591-4181-B00A-A37D1E5E39CE}.Release|x86.ActiveCfg = Release|Win32
		{A8519594-1591-4181-B00A-A37D1E5E39CE}.Release|x86.Build.0 = Release|Win32
		{C76DFA3F-B90C-4F48-9CC8-C7BF72B1C3A8}.Debug|x64.ActiveCfg = Debug|x64
		{C76DFA3F-B90C-4F48-9CC8-C7BF72B1C3A8}.Debug|x64.Build.0 = Debug|x64
		{C76DFA3F-B90C-4F48-9CC8-C7BF72B1C3A8}.Debug|x86.ActiveCfg = Debug|Win32
		{C76DFA3F-B90C-4F48-9CC8-C7BF72B1C3A8}.Debug|x86.Build.0 = Debug|Win32
		{C76DFA3F-B90C-4F48-9CC8-C7BF72B1C3A8}.Release|x64.ActiveCfg = Release|x64
		{C76DFA3F-B90C-4F48-9CC8-C7BF72B1C3A8}.Release|x64.Build.0 = Release|x64
		{C76DFA3F-B90C-4F48-9CC8-C7BF72B1C3A8}.Release|x86.ActiveCfg = Release|Win32
		{C76DFA3F-B90C-4F48-9CC8-C7BF72B1C3A8}.Release|x86.Build.0 = Release|Win32
		{CA859695-23F7-469E-8CD3-6AD0606E2085}.Debug|x64.ActiveCfg = Debug|x64
		{CA859695-23F7-469E-8CD3-6AD0606E2085}.Debug|x64.Build.0 = Debug|x64
		{CA859695-23F7-469E-8CD3-6AD0606E2085}.Debug|x86.ActiveCfg = Debug|Win32
		{CA859695-23F7-469E-8CD3-6AD0606E2085}.Debug|x86.Build.0 = Debug|Win32
		{CA859695-23F7-469E-8CD3-6AD0606E2085}.Release|x64.ActiveCfg = Release|x64
		{CA859695-23F7-469E-8CD3-6AD0606E2085}.Release|x64.Build.0 = Release|x64
		{CA859695-23F7-469E-8CD3-6AD0606E2085}.Release|x86.ActiveCfg = Release|Win32
		{CA859695-23F7-469E-8CD3-6AD0606E2085}.Release|x86.Build.0 = Release|Win32
		{E8C697E0-D64B-4A30-A7F6-644DC67F525C}.Debug|x64.ActiveCfg = Debug|x64
		{E8C697E0-D64B-4A30-A7F6-644DC67F525C}.Debug|x64.Build.0 = Debug|x64
		{E8C697E0-D64B-4A30-A7F6-644DC67F525C}.Debug|x86.ActiveCfg = Debug|Win32
		{E8C697E0-D64B-4A30-A7F6-644DC67F525C}.Debug|x86.Build.0 = Debug|Win32
		{E8C697E0-D64B-4A30-A7F6-644DC67F525C}.Release|x64.ActiveCfg = Release|x64
		{E8C697E0-D64B-4A30-A7F6-644DC67F525C}.Release|x64.Build.0 = Release|x64
		{E8C697E0-D64B-4A30-A7F6-644DC67F525C}.Release|x86.ActiveCfg = Release|Win32
		{E8C697E0-D64B-4A30-A7F6-644DC67F525C}.Release|x86.Build.0 = Release|Win32
		{8A290574-796A-447C-BF51-3D5759EF2EEB}.Debug|x64.ActiveCfg = Debug|x64
		{8A290574-796A-447C-BF51-3D5759EF2EEB}.Debug|x64.Build.0 = Debug|x64
		{8A290574-796A-447C-BF51-3D5759EF2EEB}.Debug|x86.ActiveCfg = Debug|Win32
		{8A290574-796A-447C-BF51-3D5759EF2EEB}.Debug|x86.Build.0 = Debug|Win32
		{8A290574-796A-447C-BF51-3D5759EF2EEB}.Release|x64.ActiveCfg = Release|x64
		{8A290574-796A-447C-BF51-3D5759EF2EEB}.Release|x64.Build.0 = Release|x64
		{8A290574-796A-447C-BF51-3D5759EF2EEB}.Release|x86.ActiveCfg = Release|Win32
		{8A290574-796A-447C-BF51-3D5759EF2EEB}.Release|x86.Build.0 = Release|Win32
		{80EC6673-FFA0-4D50-97CC-2457AA9CB489}.Debug|x64.ActiveCfg = Debug|x64
		{80EC6673-FFA0-4D50-97CC-2457AA9CB489}.Debug|x64.Build.0 = Debug|x64
		{80EC6673-FFA0-4D50-97CC-2457AA9CB489}.Debug|x86.ActiveCfg = Debug|Win32
		{80EC6673-FFA0-4D50-97CC-2457AA9CB489}.Debug|x86.Build.0 = Debug|Win32
		{80EC6673-FFA0-4D50-97CC-2457AA9CB489}.Release|x64.ActiveCfg = Release|x64
		{80EC6673-FFA0-4D50-97CC-2457AA9CB489}.Release|x64.Build.0 = Release|x64
		{80EC6673-FFA0-4D50-97CC-2457AA9CB489}.Release|x86.ActiveCfg = Release|Win32
		{80EC6673-FFA0-4D50-97CC-2457AA9CB489}.Release|x86.Build.0 = Release|Win32
		{7EBB2C47-85AD-4C18-9EC7-27A8FEF55B47}.Debug|x64.ActiveCfg = Debug|x64
		{7EBB2C47-85AD-4C18-9EC7-27A8FEF55B47}.Debug|x64.Build.0 = Debug|x64
		{7EBB2C47-85AD-4C18-9EC7-27A8FEF55B47}.Debug|x86.ActiveCfg = Debug|Win32
		{7EBB2C47-85AD-4C18-9EC7-27A8FEF55B47}.Debug|x86.Build.0 = Debug|Win32
		{7EBB2C47-85AD-4C18-9EC7-27A8FEF55B47}.Release|x64.ActiveCfg = Release|x64
		{7EBB2C47-85AD-4C18-9EC7-27A8FEF55B47}.Release|x64.Build.0 = Release|x64
		{7EBB2C47-85AD-4C18-9EC7-27A8FEF55B47}.Release|x86.ActiveCfg = Release|Win32
		{7EBB2C47-85AD-4C18-9EC7-27A8FEF55B47}.Release|x86.Build.0 = Release|Win32
		{7E236A64-DA05-4266-833B-EE1F3A4A36F2}.Debug|x64.ActiveCfg = Debug|x64
		{7E236A64-DA05-4266-833B-EE1F3A4A36F2}.Debug|x64.Build.0 = Debug|x64
		{7E236A64-DA05-4266-833B-EE1F3A4A36F2}.Debug|x86.ActiveCfg = Debug|Win32
		{7E236A64-DA05-4266-833B-EE1F3A4A36F2}.Debug|x86.Build.0 = Debug|Win32
		{7E236A64-DA05-4266-833B-EE1F3A4A36F2}.Release|x64.ActiveCfg = Release|x64
		{7E236A64-DA05-4266-833B-EE1F3A4A36F2}.Release|x64.Build.0 = Release|x64
		{7E236A64-DA05-4266-833B-EE1F3A4A36F2}.Release|x86.ActiveCfg = Release|Win32
		{7E236A64-DA05-4266-833B-EE1F3A4A36F2}.Release|x86.Build.0 = Release|Win32
		{DE96E967-D0FA-4B53-BD81-DC7B38528876}.Debug|x64.ActiveCfg = Debug|x64
		{DE96E967-D0FA-4B53-BD81-DC7B38528876}.Debug|x64.Build.0 = Debug|x64
		{DE96E967-D0FA-4B53-BD81-DC7B38528876}.Debug|x86.ActiveCfg = Debug|Win32
		{DE96E967-D0FA-4B53-BD81-DC7B38528876}.Debug|x86.Build.0 = Debug|Win32
		{DE96E967-D0FA-4B53-BD81-DC7B38528876}.Release|x64.ActiveCfg = Release|x64
		{DE96E967-D0FA-4B53-BD81-DC7B38528876}.Release|x64.Build.0 = Release|x64
		{DE96E967-D0FA-4B53-BD81-DC7B38528876}.Release|x86.ActiveCfg = Release|Win32
		{DE96E967-D0FA-4B53-BD81-DC7B38528876}.Release|x86.Build.0 = Release|Win32
		{153A751A-2E17-4881-A9AC-EE10954525AD}.Debug|x64.ActiveCfg = Debug|x64
		{153A751A-2E17-4881-A9AC-EE10954525AD}.Debug|x64.Build.0 = Debug|x64
		{153A751A-2E17-4881-A9AC-EE10954525AD}.Debug|x86.ActiveCfg = Debug|Win32
		{153A751A-2E17-4881-A9AC-EE10954525AD}.Debug|x86.Build.0 = Debug|Win32
		{153A751A-2E17-4881-A9AC-EE10954525AD}.Release|x64.ActiveCfg = Release|x64
		{153A751A-2E17-4881-A9AC-EE10954525AD}.Release|x64.Build.0 = Release|x64
		{153A751A-2E17-4881-A9AC-EE10954525AD}.Release|x86.ActiveCfg = Release|Win32
		{153A751A-2E17-4881-A9AC-EE10954525AD}.Release|x86.Build.0 = Release|Win32
		{3ACB9F47-25AD-4DFA-9B98-9D12D75F8ACC}.Debug|x64.ActiveCfg = Debug|x64
		{3ACB9F47-25AD-4DFA-9B98-9D12D75F8ACC}.Debug|x64.Build.0 = Debug|x64
		{3ACB9F47-25AD-4DFA-9B98-9D12D75F8ACC}.Debug|x86.ActiveCfg = Debug|Win32
		{3ACB9F47-25AD-4DFA-9B98-9D12D75F8ACC}.Debug|x86.Build.0 = Debug|Win32
		{3ACB9F47-25AD-4DFA-9B98-9D12D75F8ACC}.Release|x64.ActiveCfg = Release|x64
		{3ACB9F47-25AD-4DFA-9B98-9D12D75F8ACC}.Release|x64.Build.0 = Release|x64
		{3ACB9F47-25AD-4DFA-9B98-9D12D75F8ACC}.Release|x86.ActiveCfg = Release|Win32
		{3ACB9F47-25AD-4DFA-9B98-9D12D75F8ACC}.Release|x86.Build.0 = Release|Win32
	EndGlobalSection
	GlobalSection(SolutionProperties) = preSolution
		HideSolutionNode = FALSE
	EndGlobalSection
	GlobalSection(ExtensibilityGlobals) = postSolution
		SolutionGuid = {1BF16D6A-7250-4E4F-BDC6-00E6F4C2CB1A}
	EndGlobalSection
EndGlobal
